{
  "name": "backend",
  "lockfileVersion": 3,
  "requires": true,
  "packages": {
    "": {
      "dependencies": {
        "groq": "^3.57.2"
      }
    },
    "node_modules/groq": {
      "version": "3.57.2",
      "resolved": "https://registry.npmjs.org/groq/-/groq-3.57.2.tgz",
      "integrity": "sha512-P+5frH+jXlQzcQ6hqCe6u/cLqOVqn0G91V/DfqWbKhFC9ABtiQneQOx1nJPweaErE0PpipuNm49WCCB16p5PBg==",
      "license": "MIT",
      "engines": {
        "node": ">=18"
      }
    }
  }
}
